
Microsoft Visual Studio Solution File, Format Version 12.00
# Visual Studio 15
VisualStudioVersion = 15.0.26430.14
MinimumVisualStudioVersion = 10.0.40219.1
Project("{2150E333-8FDC-42A3-9474-1A3956D46DE8}") = "libs", "libs", "{53043848-8760-41D4-8FD7-29B6B6DA2F67}"
EndProject
Project("{2150E333-8FDC-42A3-9474-1A3956D46DE8}") = "RemoteKit", "RemoteKit", "{0AE4E9BA-5B52-4E9E-818C-0BC734A36047}"
EndProject
Project("{9A19103F-16F7-4668-BE54-9A1E7A4F7556}") = "VkLib", "libs\VkLib\VkLib.csproj", "{5984676B-B94F-48B3-BF51-07AB7E471B1D}"
EndProject
Project("{9A19103F-16F7-4668-BE54-9A1E7A4F7556}") = "DeezerLib", "libs\DeezerLib\DeezerLib.csproj", "{4188E5D1-14E6-469C-8A12-8EAB7A9C5BB5}"
EndProject
Project("{9A19103F-16F7-4668-BE54-9A1E7A4F7556}") = "GrooveApiClient", "libs\GrooveApiClient\GrooveApiClient.csproj", "{D2435291-50F8-466B-8846-1BB5FD6CB1AB}"
EndProject
Project("{FAE04EC0-301F-11D3-BF4B-00C04F79EFBC}") = "LastFmLib", "libs\LastFmLib\LastFmLib.csproj", "{BB4192B9-1AEE-4398-8067-8DE3581E3FA2}"
EndProject
Project("{FAE04EC0-301F-11D3-BF4B-00C04F79EFBC}") = "Jupiter.UWP", "libs\Jupiter.UWP\Jupiter.UWP.csproj", "{515D82FB-9611-498B-893B-9F6DAF31429E}"
EndProject
Project("{9A19103F-16F7-4668-BE54-9A1E7A4F7556}") = "RemoteKit.Core", "RemoteKit\RemoteKit.Core\RemoteKit.Core.csproj", "{828BFC10-62B8-4CF7-9164-C24ED686FBF4}"
EndProject
Project("{FAE04EC0-301F-11D3-BF4B-00C04F79EFBC}") = "RemoteKit.Server", "RemoteKit\RemoteKit.Server\RemoteKit.Server.csproj", "{8CCBE750-6B0B-42E7-9691-92241605170B}"
EndProject
Project("{FAE04EC0-301F-11D3-BF4B-00C04F79EFBC}") = "Meridian", "Meridian\Meridian.csproj", "{A9192D02-48C7-4E3C-B10E-A555C35249E7}"
EndProject
Global
	GlobalSection(SolutionConfigurationPlatforms) = preSolution
		Debug|Any CPU = Debug|Any CPU
		Debug|ARM = Debug|ARM
		Debug|ARM64 = Debug|ARM64
		Debug|x64 = Debug|x64
		Debug|x86 = Debug|x86
		Release|Any CPU = Release|Any CPU
		Release|ARM = Release|ARM
		Release|ARM64 = Release|ARM64
		Release|x64 = Release|x64
		Release|x86 = Release|x86
	EndGlobalSection
	GlobalSection(ProjectConfigurationPlatforms) = postSolution
		{5984676B-B94F-48B3-BF51-07AB7E471B1D}.Debug|Any CPU.ActiveCfg = Debug|Any CPU
		{5984676B-B94F-48B3-BF51-07AB7E471B1D}.Debug|Any CPU.Build.0 = Debug|Any CPU
		{5984676B-B94F-48B3-BF51-07AB7E471B1D}.Debug|ARM.ActiveCfg = Debug|Any CPU
		{5984676B-B94F-48B3-BF51-07AB7E471B1D}.Debug|ARM.Build.0 = Debug|Any CPU
		{5984676B-B94F-48B3-BF51-07AB7E471B1D}.Debug|ARM64.ActiveCfg = Debug|Any CPU
		{5984676B-B94F-48B3-BF51-07AB7E471B1D}.Debug|ARM64.Build.0 = Debug|Any CPU
		{5984676B-B94F-48B3-BF51-07AB7E471B1D}.Debug|x64.ActiveCfg = Debug|Any CPU
		{5984676B-B94F-48B3-BF51-07AB7E471B1D}.Debug|x64.Build.0 = Debug|Any CPU
		{5984676B-B94F-48B3-BF51-07AB7E471B1D}.Debug|x86.ActiveCfg = Debug|Any CPU
		{5984676B-B94F-48B3-BF51-07AB7E471B1D}.Debug|x86.Build.0 = Debug|Any CPU
		{5984676B-B94F-48B3-BF51-07AB7E471B1D}.Release|Any CPU.ActiveCfg = Release|Any CPU
		{5984676B-B94F-48B3-BF51-07AB7E471B1D}.Release|Any CPU.Build.0 = Release|Any CPU
		{5984676B-B94F-48B3-BF51-07AB7E471B1D}.Release|ARM.ActiveCfg = Release|Any CPU
		{5984676B-B94F-48B3-BF51-07AB7E471B1D}.Release|ARM.Build.0 = Release|Any CPU
		{5984676B-B94F-48B3-BF51-07AB7E471B1D}.Release|ARM64.ActiveCfg = Release|Any CPU
		{5984676B-B94F-48B3-BF51-07AB7E471B1D}.Release|ARM64.Build.0 = Release|Any CPU
		{5984676B-B94F-48B3-BF51-07AB7E471B1D}.Release|x64.ActiveCfg = Release|Any CPU
		{5984676B-B94F-48B3-BF51-07AB7E471B1D}.Release|x64.Build.0 = Release|Any CPU
		{5984676B-B94F-48B3-BF51-07AB7E471B1D}.Release|x86.ActiveCfg = Release|Any CPU
		{5984676B-B94F-48B3-BF51-07AB7E471B1D}.Release|x86.Build.0 = Release|Any CPU
		{4188E5D1-14E6-469C-8A12-8EAB7A9C5BB5}.Debug|Any CPU.ActiveCfg = Debug|Any CPU
		{4188E5D1-14E6-469C-8A12-8EAB7A9C5BB5}.Debug|Any CPU.Build.0 = Debug|Any CPU
		{4188E5D1-14E6-469C-8A12-8EAB7A9C5BB5}.Debug|ARM.ActiveCfg = Debug|Any CPU
		{4188E5D1-14E6-469C-8A12-8EAB7A9C5BB5}.Debug|ARM.Build.0 = Debug|Any CPU
		{4188E5D1-14E6-469C-8A12-8EAB7A9C5BB5}.Debug|ARM64.ActiveCfg = Debug|Any CPU
		{4188E5D1-14E6-469C-8A12-8EAB7A9C5BB5}.Debug|ARM64.Build.0 = Debug|Any CPU
		{4188E5D1-14E6-469C-8A12-8EAB7A9C5BB5}.Debug|x64.ActiveCfg = Debug|Any CPU
		{4188E5D1-14E6-469C-8A12-8EAB7A9C5BB5}.Debug|x64.Build.0 = Debug|Any CPU
		{4188E5D1-14E6-469C-8A12-8EAB7A9C5BB5}.Debug|x86.ActiveCfg = Debug|Any CPU
		{4188E5D1-14E6-469C-8A12-8EAB7A9C5BB5}.Debug|x86.Build.0 = Debug|Any CPU
		{4188E5D1-14E6-469C-8A12-8EAB7A9C5BB5}.Release|Any CPU.ActiveCfg = Release|Any CPU
		{4188E5D1-14E6-469C-8A12-8EAB7A9C5BB5}.Release|Any CPU.Build.0 = Release|Any CPU
		{4188E5D1-14E6-469C-8A12-8EAB7A9C5BB5}.Release|ARM.ActiveCfg = Release|Any CPU
		{4188E5D1-14E6-469C-8A12-8EAB7A9C5BB5}.Release|ARM.Build.0 = Release|Any CPU
		{4188E5D1-14E6-469C-8A12-8EAB7A9C5BB5}.Release|ARM64.ActiveCfg = Release|Any CPU
		{4188E5D1-14E6-469C-8A12-8EAB7A9C5BB5}.Release|ARM64.Build.0 = Release|Any CPU
		{4188E5D1-14E6-469C-8A12-8EAB7A9C5BB5}.Release|x64.ActiveCfg = Release|Any CPU
		{4188E5D1-14E6-469C-8A12-8EAB7A9C5BB5}.Release|x64.Build.0 = Release|Any CPU
		{4188E5D1-14E6-469C-8A12-8EAB7A9C5BB5}.Release|x86.ActiveCfg = Release|Any CPU
		{4188E5D1-14E6-469C-8A12-8EAB7A9C5BB5}.Release|x86.Build.0 = Release|Any CPU
		{D2435291-50F8-466B-8846-1BB5FD6CB1AB}.Debug|Any CPU.ActiveCfg = Debug|Any CPU
		{D2435291-50F8-466B-8846-1BB5FD6CB1AB}.Debug|Any CPU.Build.0 = Debug|Any CPU
		{D2435291-50F8-466B-8846-1BB5FD6CB1AB}.Debug|ARM.ActiveCfg = Debug|Any CPU
		{D2435291-50F8-466B-8846-1BB5FD6CB1AB}.Debug|ARM.Build.0 = Debug|Any CPU
		{D2435291-50F8-466B-8846-1BB5FD6CB1AB}.Debug|ARM64.ActiveCfg = Debug|Any CPU
		{D2435291-50F8-466B-8846-1BB5FD6CB1AB}.Debug|ARM64.Build.0 = Debug|Any CPU
		{D2435291-50F8-466B-8846-1BB5FD6CB1AB}.Debug|x64.ActiveCfg = Debug|Any CPU
		{D2435291-50F8-466B-8846-1BB5FD6CB1AB}.Debug|x64.Build.0 = Debug|Any CPU
		{D2435291-50F8-466B-8846-1BB5FD6CB1AB}.Debug|x86.ActiveCfg = Debug|Any CPU
		{D2435291-50F8-466B-8846-1BB5FD6CB1AB}.Debug|x86.Build.0 = Debug|Any CPU
		{D2435291-50F8-466B-8846-1BB5FD6CB1AB}.Release|Any CPU.ActiveCfg = Release|Any CPU
		{D2435291-50F8-466B-8846-1BB5FD6CB1AB}.Release|Any CPU.Build.0 = Release|Any CPU
		{D2435291-50F8-466B-8846-1BB5FD6CB1AB}.Release|ARM.ActiveCfg = Release|Any CPU
		{D2435291-50F8-466B-8846-1BB5FD6CB1AB}.Release|ARM.Build.0 = Release|Any CPU
		{D2435291-50F8-466B-8846-1BB5FD6CB1AB}.Release|ARM64.ActiveCfg = Release|Any CPU
		{D2435291-50F8-466B-8846-1BB5FD6CB1AB}.Release|ARM64.Build.0 = Release|Any CPU
		{D2435291-50F8-466B-8846-1BB5FD6CB1AB}.Release|x64.ActiveCfg = Release|Any CPU
		{D2435291-50F8-466B-8846-1BB5FD6CB1AB}.Release|x64.Build.0 = Release|Any CPU
		{D2435291-50F8-466B-8846-1BB5FD6CB1AB}.Release|x86.ActiveCfg = Release|Any CPU
		{D2435291-50F8-466B-8846-1BB5FD6CB1AB}.Release|x86.Build.0 = Release|Any CPU
		{BB4192B9-1AEE-4398-8067-8DE3581E3FA2}.Debug|Any CPU.ActiveCfg = Debug|Any CPU
		{BB4192B9-1AEE-4398-8067-8DE3581E3FA2}.Debug|Any CPU.Build.0 = Debug|Any CPU
		{BB4192B9-1AEE-4398-8067-8DE3581E3FA2}.Debug|ARM.ActiveCfg = Debug|ARM
		{BB4192B9-1AEE-4398-8067-8DE3581E3FA2}.Debug|ARM.Build.0 = Debug|ARM
		{BB4192B9-1AEE-4398-8067-8DE3581E3FA2}.Debug|ARM64.ActiveCfg = Debug|ARM64
		{BB4192B9-1AEE-4398-8067-8DE3581E3FA2}.Debug|ARM64.Build.0 = Debug|ARM64
		{BB4192B9-1AEE-4398-8067-8DE3581E3FA2}.Debug|x64.ActiveCfg = Debug|x64
		{BB4192B9-1AEE-4398-8067-8DE3581E3FA2}.Debug|x64.Build.0 = Debug|x64
		{BB4192B9-1AEE-4398-8067-8DE3581E3FA2}.Debug|x86.ActiveCfg = Debug|x86
		{BB4192B9-1AEE-4398-8067-8DE3581E3FA2}.Debug|x86.Build.0 = Debug|x86
		{BB4192B9-1AEE-4398-8067-8DE3581E3FA2}.Release|Any CPU.ActiveCfg = Release|Any CPU
		{BB4192B9-1AEE-4398-8067-8DE3581E3FA2}.Release|Any CPU.Build.0 = Release|Any CPU
		{BB4192B9-1AEE-4398-8067-8DE3581E3FA2}.Release|ARM.ActiveCfg = Release|ARM
		{BB4192B9-1AEE-4398-8067-8DE3581E3FA2}.Release|ARM.Build.0 = Release|ARM
		{BB4192B9-1AEE-4398-8067-8DE3581E3FA2}.Release|ARM64.ActiveCfg = Release|ARM64
		{BB4192B9-1AEE-4398-8067-8DE3581E3FA2}.Release|ARM64.Build.0 = Release|ARM64
		{BB4192B9-1AEE-4398-8067-8DE3581E3FA2}.Release|x64.ActiveCfg = Release|x64
		{BB4192B9-1AEE-4398-8067-8DE3581E3FA2}.Release|x64.Build.0 = Release|x64
		{BB4192B9-1AEE-4398-8067-8DE3581E3FA2}.Release|x86.ActiveCfg = Release|x86
		{BB4192B9-1AEE-4398-8067-8DE3581E3FA2}.Release|x86.Build.0 = Release|x86
		{515D82FB-9611-498B-893B-9F6DAF31429E}.Debug|Any CPU.ActiveCfg = Debug|Any CPU
		{515D82FB-9611-498B-893B-9F6DAF31429E}.Debug|Any CPU.Build.0 = Debug|Any CPU
		{515D82FB-9611-498B-893B-9F6DAF31429E}.Debug|ARM.ActiveCfg = Debug|ARM
		{515D82FB-9611-498B-893B-9F6DAF31429E}.Debug|ARM.Build.0 = Debug|ARM
		{515D82FB-9611-498B-893B-9F6DAF31429E}.Debug|ARM64.ActiveCfg = Debug|ARM64
		{515D82FB-9611-498B-893B-9F6DAF31429E}.Debug|ARM64.Build.0 = Debug|ARM64
		{515D82FB-9611-498B-893B-9F6DAF31429E}.Debug|x64.ActiveCfg = Debug|x64
		{515D82FB-9611-498B-893B-9F6DAF31429E}.Debug|x64.Build.0 = Debug|x64
		{515D82FB-9611-498B-893B-9F6DAF31429E}.Debug|x86.ActiveCfg = Debug|x86
		{515D82FB-9611-498B-893B-9F6DAF31429E}.Debug|x86.Build.0 = Debug|x86
		{515D82FB-9611-498B-893B-9F6DAF31429E}.Release|Any CPU.ActiveCfg = Release|Any CPU
		{515D82FB-9611-498B-893B-9F6DAF31429E}.Release|Any CPU.Build.0 = Release|Any CPU
		{515D82FB-9611-498B-893B-9F6DAF31429E}.Release|ARM.ActiveCfg = Release|ARM
		{515D82FB-9611-498B-893B-9F6DAF31429E}.Release|ARM.Build.0 = Release|ARM
		{515D82FB-9611-498B-893B-9F6DAF31429E}.Release|ARM64.ActiveCfg = Release|ARM64
		{515D82FB-9611-498B-893B-9F6DAF31429E}.Release|ARM64.Build.0 = Release|ARM64
		{515D82FB-9611-498B-893B-9F6DAF31429E}.Release|x64.ActiveCfg = Release|x64
		{515D82FB-9611-498B-893B-9F6DAF31429E}.Release|x64.Build.0 = Release|x64
		{515D82FB-9611-498B-893B-9F6DAF31429E}.Release|x86.ActiveCfg = Release|x86
		{515D82FB-9611-498B-893B-9F6DAF31429E}.Release|x86.Build.0 = Release|x86
		{828BFC10-62B8-4CF7-9164-C24ED686FBF4}.Debug|Any CPU.ActiveCfg = Debug|Any CPU
		{828BFC10-62B8-4CF7-9164-C24ED686FBF4}.Debug|Any CPU.Build.0 = Debug|Any CPU
		{828BFC10-62B8-4CF7-9164-C24ED686FBF4}.Debug|ARM.ActiveCfg = Debug|Any CPU
		{828BFC10-62B8-4CF7-9164-C24ED686FBF4}.Debug|ARM.Build.0 = Debug|Any CPU
		{828BFC10-62B8-4CF7-9164-C24ED686FBF4}.Debug|ARM64.ActiveCfg = Debug|Any CPU
		{828BFC10-62B8-4CF7-9164-C24ED686FBF4}.Debug|ARM64.Build.0 = Debug|Any CPU
		{828BFC10-62B8-4CF7-9164-C24ED686FBF4}.Debug|x64.ActiveCfg = Debug|Any CPU
		{828BFC10-62B8-4CF7-9164-C24ED686FBF4}.Debug|x64.Build.0 = Debug|Any CPU
		{828BFC10-62B8-4CF7-9164-C24ED686FBF4}.Debug|x86.ActiveCfg = Debug|Any CPU
		{828BFC10-62B8-4CF7-9164-C24ED686FBF4}.Debug|x86.Build.0 = Debug|Any CPU
		{828BFC10-62B8-4CF7-9164-C24ED686FBF4}.Release|Any CPU.ActiveCfg = Release|Any CPU
		{828BFC10-62B8-4CF7-9164-C24ED686FBF4}.Release|Any CPU.Build.0 = Release|Any CPU
		{828BFC10-62B8-4CF7-9164-C24ED686FBF4}.Release|ARM.ActiveCfg = Release|Any CPU
		{828BFC10-62B8-4CF7-9164-C24ED686FBF4}.Release|ARM.Build.0 = Release|Any CPU
		{828BFC10-62B8-4CF7-9164-C24ED686FBF4}.Release|ARM64.ActiveCfg = Release|Any CPU
		{828BFC10-62B8-4CF7-9164-C24ED686FBF4}.Release|ARM64.Build.0 = Release|Any CPU
		{828BFC10-62B8-4CF7-9164-C24ED686FBF4}.Release|x64.ActiveCfg = Release|Any CPU
		{828BFC10-62B8-4CF7-9164-C24ED686FBF4}.Release|x64.Build.0 = Release|Any CPU
		{828BFC10-62B8-4CF7-9164-C24ED686FBF4}.Release|x86.ActiveCfg = Release|Any CPU
		{828BFC10-62B8-4CF7-9164-C24ED686FBF4}.Release|x86.Build.0 = Release|Any CPU
		{8CCBE750-6B0B-42E7-9691-92241605170B}.Debug|Any CPU.ActiveCfg = Debug|Any CPU
		{8CCBE750-6B0B-42E7-9691-92241605170B}.Debug|Any CPU.Build.0 = Debug|Any CPU
		{8CCBE750-6B0B-42E7-9691-92241605170B}.Debug|ARM.ActiveCfg = Debug|ARM
		{8CCBE750-6B0B-42E7-9691-92241605170B}.Debug|ARM.Build.0 = Debug|ARM
		{8CCBE750-6B0B-42E7-9691-92241605170B}.Debug|ARM64.ActiveCfg = Debug|ARM64
		{8CCBE750-6B0B-42E7-9691-92241605170B}.Debug|ARM64.Build.0 = Debug|ARM64
		{8CCBE750-6B0B-42E7-9691-92241605170B}.Debug|x64.ActiveCfg = Debug|x64
		{8CCBE750-6B0B-42E7-9691-92241605170B}.Debug|x64.Build.0 = Debug|x64
		{8CCBE750-6B0B-42E7-9691-92241605170B}.Debug|x86.ActiveCfg = Debug|x86
		{8CCBE750-6B0B-42E7-9691-92241605170B}.Debug|x86.Build.0 = Debug|x86
		{8CCBE750-6B0B-42E7-9691-92241605170B}.Release|Any CPU.ActiveCfg = Release|Any CPU
		{8CCBE750-6B0B-42E7-9691-92241605170B}.Release|Any CPU.Build.0 = Release|Any CPU
		{8CCBE750-6B0B-42E7-9691-92241605170B}.Release|ARM.ActiveCfg = Release|ARM
		{8CCBE750-6B0B-42E7-9691-92241605170B}.Release|ARM.Build.0 = Release|ARM
		{8CCBE750-6B0B-42E7-9691-92241605170B}.Release|ARM64.ActiveCfg = Release|ARM64
		{8CCBE750-6B0B-42E7-9691-92241605170B}.Release|ARM64.Build.0 = Release|ARM64
		{8CCBE750-6B0B-42E7-9691-92241605170B}.Release|x64.ActiveCfg = Release|x64
		{8CCBE750-6B0B-42E7-9691-92241605170B}.Release|x64.Build.0 = Release|x64
		{8CCBE750-6B0B-42E7-9691-92241605170B}.Release|x86.ActiveCfg = Release|x86
		{8CCBE750-6B0B-42E7-9691-92241605170B}.Release|x86.Build.0 = Release|x86
		{A9192D02-48C7-4E3C-B10E-A555C35249E7}.Debug|Any CPU.ActiveCfg = Debug|x86
		{A9192D02-48C7-4E3C-B10E-A555C35249E7}.Debug|ARM.ActiveCfg = Debug|ARM
		{A9192D02-48C7-4E3C-B10E-A555C35249E7}.Debug|ARM.Build.0 = Debug|ARM
		{A9192D02-48C7-4E3C-B10E-A555C35249E7}.Debug|ARM.Deploy.0 = Debug|ARM
		{A9192D02-48C7-4E3C-B10E-A555C35249E7}.Debug|ARM64.ActiveCfg = Debug|ARM64
		{A9192D02-48C7-4E3C-B10E-A555C35249E7}.Debug|ARM64.Build.0 = Debug|ARM64
		{A9192D02-48C7-4E3C-B10E-A555C35249E7}.Debug|ARM64.Deploy.0 = Debug|ARM64
		{A9192D02-48C7-4E3C-B10E-A555C35249E7}.Debug|x64.ActiveCfg = Debug|x64
		{A9192D02-48C7-4E3C-B10E-A555C35249E7}.Debug|x64.Build.0 = Debug|x64
		{A9192D02-48C7-4E3C-B10E-A555C35249E7}.Debug|x64.Deploy.0 = Debug|x64
		{A9192D02-48C7-4E3C-B10E-A555C35249E7}.Debug|x86.ActiveCfg = Debug|x86
		{A9192D02-48C7-4E3C-B10E-A555C35249E7}.Debug|x86.Build.0 = Debug|x86
		{A9192D02-48C7-4E3C-B10E-A555C35249E7}.Debug|x86.Deploy.0 = Debug|x86
		{A9192D02-48C7-4E3C-B10E-A555C35249E7}.Release|Any CPU.ActiveCfg = Release|x86
		{A9192D02-48C7-4E3C-B10E-A555C35249E7}.Release|ARM.ActiveCfg = Release|ARM
		{A9192D02-48C7-4E3C-B10E-A555C35249E7}.Release|ARM.Build.0 = Release|ARM
		{A9192D02-48C7-4E3C-B10E-A555C35249E7}.Release|ARM.Deploy.0 = Release|ARM
		{A9192D02-48C7-4E3C-B10E-A555C35249E7}.Release|ARM64.ActiveCfg = Release|ARM64
		{A9192D02-48C7-4E3C-B10E-A555C35249E7}.Release|ARM64.Build.0 = Release|ARM64
		{A9192D02-48C7-4E3C-B10E-A555C35249E7}.Release|ARM64.Deploy.0 = Release|ARM64
		{A9192D02-48C7-4E3C-B10E-A555C35249E7}.Release|x64.ActiveCfg = Release|x64
		{A9192D02-48C7-4E3C-B10E-A555C35249E7}.Release|x64.Build.0 = Release|x64
		{A9192D02-48C7-4E3C-B10E-A555C35249E7}.Release|x64.Deploy.0 = Release|x64
		{A9192D02-48C7-4E3C-B10E-A555C35249E7}.Release|x86.ActiveCfg = Release|x86
		{A9192D02-48C7-4E3C-B10E-A555C35249E7}.Release|x86.Build.0 = Release|x86
		{A9192D02-48C7-4E3C-B10E-A555C35249E7}.Release|x86.Deploy.0 = Release|x86
	EndGlobalSection
	GlobalSection(SolutionProperties) = preSolution
		HideSolutionNode = FALSE
	EndGlobalSection
	GlobalSection(NestedProjects) = preSolution
		{5984676B-B94F-48B3-BF51-07AB7E471B1D} = {53043848-8760-41D4-8FD7-29B6B6DA2F67}
		{4188E5D1-14E6-469C-8A12-8EAB7A9C5BB5} = {53043848-8760-41D4-8FD7-29B6B6DA2F67}
		{D2435291-50F8-466B-8846-1BB5FD6CB1AB} = {53043848-8760-41D4-8FD7-29B6B6DA2F67}
		{BB4192B9-1AEE-4398-8067-8DE3581E3FA2} = {53043848-8760-41D4-8FD7-29B6B6DA2F67}
		{515D82FB-9611-498B-893B-9F6DAF31429E} = {53043848-8760-41D4-8FD7-29B6B6DA2F67}
		{828BFC10-62B8-4CF7-9164-C24ED686FBF4} = {0AE4E9BA-5B52-4E9E-818C-0BC734A36047}
		{8CCBE750-6B0B-42E7-9691-92241605170B} = {0AE4E9BA-5B52-4E9E-818C-0BC734A36047}
	EndGlobalSection
	GlobalSection(ExtensibilityGlobals) = postSolution
		SolutionGuid = {3B6E2FED-8365-483C-8B9E-ADEC2500C6FE}
	EndGlobalSection
EndGlobal
